// !$*UTF8*$!
{
	archiveVersion = 1;
	classes = {
	};
	objectVersion = 46;
	objects = {

/* Begin PBXBuildFile section */
		0076FCD51C33D6FE0090E072 /* main.m in Sources */ = {isa = PBXBuildFile; fileRef = 0076FCD41C33D6FE0090E072 /* main.m */; };
		0076FCD81C33D6FE0090E072 /* AppDelegate.m in Sources */ = {isa = PBXBuildFile; fileRef = 0076FCD71C33D6FE0090E072 /* AppDelegate.m */; };
		0076FCDB1C33D6FE0090E072 /* ViewController.m in Sources */ = {isa = PBXBuildFile; fileRef = 0076FCDA1C33D6FE0090E072 /* ViewController.m */; };
		0076FCDE1C33D6FE0090E072 /* Main.storyboard in Resources */ = {isa = PBXBuildFile; fileRef = 0076FCDC1C33D6FE0090E072 /* Main.storyboard */; };
		0076FCE01C33D6FE0090E072 /* Images.xcassets in Resources */ = {isa = PBXBuildFile; fileRef = 0076FCDF1C33D6FE0090E072 /* Images.xcassets */; };
		0076FCE31C33D6FE0090E072 /* LaunchScreen.xib in Resources */ = {isa = PBXBuildFile; fileRef = 0076FCE11C33D6FE0090E072 /* LaunchScreen.xib */; };
		0076FCEF1C33D6FE0090E072 /* getScreenTestTests.m in Sources */ = {isa = PBXBuildFile; fileRef = 0076FCEE1C33D6FE0090E072 /* getScreenTestTests.m */; };
		0083697B1C3A05970038B426 /* main.m in Sources */ = {isa = PBXBuildFile; fileRef = 0083697A1C3A05970038B426 /* main.m */; };
		0083697E1C3A05970038B426 /* AppDelegate.m in Sources */ = {isa = PBXBuildFile; fileRef = 0083697D1C3A05970038B426 /* AppDelegate.m */; };
		008369811C3A05970038B426 /* ViewController.m in Sources */ = {isa = PBXBuildFile; fileRef = 008369801C3A05970038B426 /* ViewController.m */; };
		008369841C3A05970038B426 /* Main.storyboard in Resources */ = {isa = PBXBuildFile; fileRef = 008369821C3A05970038B426 /* Main.storyboard */; };
		008369861C3A05970038B426 /* Images.xcassets in Resources */ = {isa = PBXBuildFile; fileRef = 008369851C3A05970038B426 /* Images.xcassets */; };
		008369891C3A05970038B426 /* LaunchScreen.xib in Resources */ = {isa = PBXBuildFile; fileRef = 008369871C3A05970038B426 /* LaunchScreen.xib */; };
		008369951C3A05970038B426 /* testTargetTests.m in Sources */ = {isa = PBXBuildFile; fileRef = 008369941C3A05970038B426 /* testTargetTests.m */; };
		0086F7751C351C1400964311 /* 120.png in Resources */ = {isa = PBXBuildFile; fileRef = 0086F7741C351C1400964311 /* 120.png */; };
		0086F7771C351C2000964311 /* 114.png in Resources */ = {isa = PBXBuildFile; fileRef = 0086F7761C351C2000964311 /* 114.png */; };
/* End PBXBuildFile section */

/* Begin PBXContainerItemProxy section */
		0076FCE91C33D6FE0090E072 /* PBXContainerItemProxy */ = {
			isa = PBXContainerItemProxy;
			containerPortal = 0076FCC71C33D6FE0090E072 /* Project object */;
			proxyType = 1;
			remoteGlobalIDString = 0076FCCE1C33D6FE0090E072;
			remoteInfo = getScreenTest;
		};
		0083698F1C3A05970038B426 /* PBXContainerItemProxy */ = {
			isa = PBXContainerItemProxy;
			containerPortal = 0076FCC71C33D6FE0090E072 /* Project object */;
			proxyType = 1;
			remoteGlobalIDString = 008369751C3A05970038B426;
			remoteInfo = testTarget;
		};
/* End PBXContainerItemProxy section */

/* Begin PBXFileReference section */
		0076FCCF1C33D6FE0090E072 /* getScreenTest.app */ = {isa = PBXFileReference; explicitFileType = wrapper.application; includeInIndex = 0; path = getScreenTest.app; sourceTree = BUILT_PRODUCTS_DIR; };
		0076FCD31C33D6FE0090E072 /* Info.plist */ = {isa = PBXFileReference; lastKnownFileType = text.plist.xml; path = Info.plist; sourceTree = "<group>"; };
		0076FCD41C33D6FE0090E072 /* main.m */ = {isa = PBXFileReference; lastKnownFileType = sourcecode.c.objc; path = main.m; sourceTree = "<group>"; };
		0076FCD61C33D6FE0090E072 /* AppDelegate.h */ = {isa = PBXFileReference; lastKnownFileType = sourcecode.c.h; path = AppDelegate.h; sourceTree = "<group>"; };
		0076FCD71C33D6FE0090E072 /* AppDelegate.m */ = {isa = PBXFileReference; lastKnownFileType = sourcecode.c.objc; path = AppDelegate.m; sourceTree = "<group>"; };
		0076FCD91C33D6FE0090E072 /* ViewController.h */ = {isa = PBXFileReference; lastKnownFileType = sourcecode.c.h; path = ViewController.h; sourceTree = "<group>"; };
		0076FCDA1C33D6FE0090E072 /* ViewController.m */ = {isa = PBXFileReference; lastKnownFileType = sourcecode.c.objc; path = ViewController.m; sourceTree = "<group>"; };
		0076FCDD1C33D6FE0090E072 /* Base */ = {isa = PBXFileReference; lastKnownFileType = file.storyboard; name = Base; path = Base.lproj/Main.storyboard; sourceTree = "<group>"; };
		0076FCDF1C33D6FE0090E072 /* Images.xcassets */ = {isa = PBXFileReference; lastKnownFileType = folder.assetcatalog; path = Images.xcassets; sourceTree = "<group>"; };
		0076FCE21C33D6FE0090E072 /* Base */ = {isa = PBXFileReference; lastKnownFileType = file.xib; name = Base; path = Base.lproj/LaunchScreen.xib; sourceTree = "<group>"; };
		0076FCE81C33D6FE0090E072 /* getScreenTestTests.xctest */ = {isa = PBXFileReference; explicitFileType = wrapper.cfbundle; includeInIndex = 0; path = getScreenTestTests.xctest; sourceTree = BUILT_PRODUCTS_DIR; };
		0076FCED1C33D6FE0090E072 /* Info.plist */ = {isa = PBXFileReference; lastKnownFileType = text.plist.xml; path = Info.plist; sourceTree = "<group>"; };
		0076FCEE1C33D6FE0090E072 /* getScreenTestTests.m */ = {isa = PBXFileReference; lastKnownFileType = sourcecode.c.objc; name = getScreenTestTests.m; path = getScreenTestTests/getScreenTestTests.m; sourceTree = SOURCE_ROOT; };
		008369761C3A05970038B426 /* testTarget.app */ = {isa = PBXFileReference; explicitFileType = wrapper.application; includeInIndex = 0; path = testTarget.app; sourceTree = BUILT_PRODUCTS_DIR; };
		008369791C3A05970038B426 /* Info.plist */ = {isa = PBXFileReference; lastKnownFileType = text.plist.xml; path = Info.plist; sourceTree = "<group>"; };
		0083697A1C3A05970038B426 /* main.m */ = {isa = PBXFileReference; lastKnownFileType = sourcecode.c.objc; path = main.m; sourceTree = "<group>"; };
		0083697C1C3A05970038B426 /* AppDelegate.h */ = {isa = PBXFileReference; lastKnownFileType = sourcecode.c.h; path = AppDelegate.h; sourceTree = "<group>"; };
		0083697D1C3A05970038B426 /* AppDelegate.m */ = {isa = PBXFileReference; lastKnownFileType = sourcecode.c.objc; path = AppDelegate.m; sourceTree = "<group>"; };
		0083697F1C3A05970038B426 /* ViewController.h */ = {isa = PBXFileReference; lastKnownFileType = sourcecode.c.h; path = ViewController.h; sourceTree = "<group>"; };
		008369801C3A05970038B426 /* ViewController.m */ = {isa = PBXFileReference; lastKnownFileType = sourcecode.c.objc; path = ViewController.m; sourceTree = "<group>"; };
		008369831C3A05970038B426 /* Base */ = {isa = PBXFileReference; lastKnownFileType = file.storyboard; name = Base; path = Base.lproj/Main.storyboard; sourceTree = "<group>"; };
		008369851C3A05970038B426 /* Images.xcassets */ = {isa = PBXFileReference; lastKnownFileType = folder.assetcatalog; path = Images.xcassets; sourceTree = "<group>"; };
		008369881C3A05970038B426 /* Base */ = {isa = PBXFileReference; lastKnownFileType = file.xib; name = Base; path = Base.lproj/LaunchScreen.xib; sourceTree = "<group>"; };
		0083698E1C3A05970038B426 /* testTargetTests.xctest */ = {isa = PBXFileReference; explicitFileType = wrapper.cfbundle; includeInIndex = 0; path = testTargetTests.xctest; sourceTree = BUILT_PRODUCTS_DIR; };
		008369931C3A05970038B426 /* Info.plist */ = {isa = PBXFileReference; lastKnownFileType = text.plist.xml; path = Info.plist; sourceTree = "<group>"; };
		008369941C3A05970038B426 /* testTargetTests.m */ = {isa = PBXFileReference; lastKnownFileType = sourcecode.c.objc; path = testTargetTests.m; sourceTree = "<group>"; };
		0086F7741C351C1400964311 /* 120.png */ = {isa = PBXFileReference; lastKnownFileType = image.png; path = 120.png; sourceTree = "<group>"; };
		0086F7761C351C2000964311 /* 114.png */ = {isa = PBXFileReference; lastKnownFileType = image.png; path = 114.png; sourceTree = "<group>"; };
/* End PBXFileReference section */

/* Begin PBXFrameworksBuildPhase section */
		0076FCCC1C33D6FE0090E072 /* Frameworks */ = {
			isa = PBXFrameworksBuildPhase;
			buildActionMask = 2147483647;
			files = (
			);
			runOnlyForDeploymentPostprocessing = 0;
		};
		0076FCE51C33D6FE0090E072 /* Frameworks */ = {
			isa = PBXFrameworksBuildPhase;
			buildActionMask = 2147483647;
			files = (
			);
			runOnlyForDeploymentPostprocessing = 0;
		};
		008369731C3A05970038B426 /* Frameworks */ = {
			isa = PBXFrameworksBuildPhase;
			buildActionMask = 2147483647;
			files = (
			);
			runOnlyForDeploymentPostprocessing = 0;
		};
		0083698B1C3A05970038B426 /* Frameworks */ = {
			isa = PBXFrameworksBuildPhase;
			buildActionMask = 2147483647;
			files = (
			);
			runOnlyForDeploymentPostprocessing = 0;
		};
/* End PBXFrameworksBuildPhase section */

/* Begin PBXGroup section */
		0076FCC61C33D6FE0090E072 = {
			isa = PBXGroup;
			children = (
				0086F7731C35181800964311 /* Resources */,
				0076FCD11C33D6FE0090E072 /* getScreenTest */,
				0076FCEB1C33D6FE0090E072 /* getScreenTestTests */,
				008369771C3A05970038B426 /* testTarget */,
				008369911C3A05970038B426 /* testTargetTests */,
				0076FCD01C33D6FE0090E072 /* Products */,
			);
			sourceTree = "<group>";
		};
		0076FCD01C33D6FE0090E072 /* Products */ = {
			isa = PBXGroup;
			children = (
				0076FCCF1C33D6FE0090E072 /* getScreenTest.app */,
				0076FCE81C33D6FE0090E072 /* getScreenTestTests.xctest */,
				008369761C3A05970038B426 /* testTarget.app */,
				0083698E1C3A05970038B426 /* testTargetTests.xctest */,
			);
			name = Products;
			sourceTree = "<group>";
		};
		0076FCD11C33D6FE0090E072 /* getScreenTest */ = {
			isa = PBXGroup;
			children = (
				0076FCD61C33D6FE0090E072 /* AppDelegate.h */,
				0076FCD71C33D6FE0090E072 /* AppDelegate.m */,
				0076FCD91C33D6FE0090E072 /* ViewController.h */,
				0076FCDA1C33D6FE0090E072 /* ViewController.m */,
				0076FCDC1C33D6FE0090E072 /* Main.storyboard */,
				0076FCDF1C33D6FE0090E072 /* Images.xcassets */,
				0076FCE11C33D6FE0090E072 /* LaunchScreen.xib */,
				0076FCD21C33D6FE0090E072 /* Supporting Files */,
			);
			path = getScreenTest;
			sourceTree = "<group>";
		};
		0076FCD21C33D6FE0090E072 /* Supporting Files */ = {
			isa = PBXGroup;
			children = (
				0086F7781C351F4E00964311 /* image */,
				0076FCD31C33D6FE0090E072 /* Info.plist */,
				0076FCD41C33D6FE0090E072 /* main.m */,
			);
			name = "Supporting Files";
			sourceTree = "<group>";
		};
		0076FCEB1C33D6FE0090E072 /* getScreenTestTests */ = {
			isa = PBXGroup;
			children = (
				0076FCEE1C33D6FE0090E072 /* getScreenTestTests.m */,
				0076FCEC1C33D6FE0090E072 /* Supporting Files */,
			);
			path = getScreenTestTests;
			sourceTree = "<group>";
		};
		0076FCEC1C33D6FE0090E072 /* Supporting Files */ = {
			isa = PBXGroup;
			children = (
				0076FCED1C33D6FE0090E072 /* Info.plist */,
			);
			name = "Supporting Files";
			sourceTree = "<group>";
		};
		008369771C3A05970038B426 /* testTarget */ = {
			isa = PBXGroup;
			children = (
				0083697C1C3A05970038B426 /* AppDelegate.h */,
				0083697D1C3A05970038B426 /* AppDelegate.m */,
				0083697F1C3A05970038B426 /* ViewController.h */,
				008369801C3A05970038B426 /* ViewController.m */,
				008369821C3A05970038B426 /* Main.storyboard */,
				008369851C3A05970038B426 /* Images.xcassets */,
				008369871C3A05970038B426 /* LaunchScreen.xib */,
				008369781C3A05970038B426 /* Supporting Files */,
			);
			path = testTarget;
			sourceTree = "<group>";
		};
		008369781C3A05970038B426 /* Supporting Files */ = {
			isa = PBXGroup;
			children = (
				008369791C3A05970038B426 /* Info.plist */,
				0083697A1C3A05970038B426 /* main.m */,
			);
			name = "Supporting Files";
			sourceTree = "<group>";
		};
		008369911C3A05970038B426 /* testTargetTests */ = {
			isa = PBXGroup;
			children = (
				008369941C3A05970038B426 /* testTargetTests.m */,
				008369921C3A05970038B426 /* Supporting Files */,
			);
			path = testTargetTests;
			sourceTree = "<group>";
		};
		008369921C3A05970038B426 /* Supporting Files */ = {
			isa = PBXGroup;
			children = (
				008369931C3A05970038B426 /* Info.plist */,
			);
			name = "Supporting Files";
			sourceTree = "<group>";
		};
		0086F7731C35181800964311 /* Resources */ = {
			isa = PBXGroup;
			children = (
			);
			name = Resources;
			sourceTree = "<group>";
		};
		0086F7781C351F4E00964311 /* image */ = {
			isa = PBXGroup;
			children = (
				0086F7741C351C1400964311 /* 120.png */,
				0086F7761C351C2000964311 /* 114.png */,
			);
			name = image;
			sourceTree = "<group>";
		};
/* End PBXGroup section */

/* Begin PBXNativeTarget section */
		0076FCCE1C33D6FE0090E072 /* getScreenTest */ = {
			isa = PBXNativeTarget;
			buildConfigurationList = 0076FCF21C33D6FE0090E072 /* Build configuration list for PBXNativeTarget "getScreenTest" */;
			buildPhases = (
				0076FCCB1C33D6FE0090E072 /* Sources */,
				0076FCCC1C33D6FE0090E072 /* Frameworks */,
				0076FCCD1C33D6FE0090E072 /* Resources */,
			);
			buildRules = (
			);
			dependencies = (
			);
			name = getScreenTest;
			productName = getScreenTest;
			productReference = 0076FCCF1C33D6FE0090E072 /* getScreenTest.app */;
			productType = "com.apple.product-type.application";
		};
		0076FCE71C33D6FE0090E072 /* getScreenTestTests */ = {
			isa = PBXNativeTarget;
			buildConfigurationList = 0076FCF51C33D6FE0090E072 /* Build configuration list for PBXNativeTarget "getScreenTestTests" */;
			buildPhases = (
				0076FCE41C33D6FE0090E072 /* Sources */,
				0076FCE51C33D6FE0090E072 /* Frameworks */,
				0076FCE61C33D6FE0090E072 /* Resources */,
			);
			buildRules = (
			);
			dependencies = (
				0076FCEA1C33D6FE0090E072 /* PBXTargetDependency */,
			);
			name = getScreenTestTests;
			productName = getScreenTestTests;
			productReference = 0076FCE81C33D6FE0090E072 /* getScreenTestTests.xctest */;
			productType = "com.apple.product-type.bundle.unit-test";
		};
		008369751C3A05970038B426 /* testTarget */ = {
			isa = PBXNativeTarget;
			buildConfigurationList = 008369961C3A05970038B426 /* Build configuration list for PBXNativeTarget "testTarget" */;
			buildPhases = (
				008369721C3A05970038B426 /* Sources */,
				008369731C3A05970038B426 /* Frameworks */,
				008369741C3A05970038B426 /* Resources */,
			);
			buildRules = (
			);
			dependencies = (
			);
			name = testTarget;
			productName = testTarget;
			productReference = 008369761C3A05970038B426 /* testTarget.app */;
			productType = "com.apple.product-type.application";
		};
		0083698D1C3A05970038B426 /* testTargetTests */ = {
			isa = PBXNativeTarget;
			buildConfigurationList = 008369991C3A05970038B426 /* Build configuration list for PBXNativeTarget "testTargetTests" */;
			buildPhases = (
				0083698A1C3A05970038B426 /* Sources */,
				0083698B1C3A05970038B426 /* Frameworks */,
				0083698C1C3A05970038B426 /* Resources */,
			);
			buildRules = (
			);
			dependencies = (
				008369901C3A05970038B426 /* PBXTargetDependency */,
			);
			name = testTargetTests;
			productName = testTargetTests;
			productReference = 0083698E1C3A05970038B426 /* testTargetTests.xctest */;
			productType = "com.apple.product-type.bundle.unit-test";
		};
/* End PBXNativeTarget section */

/* Begin PBXProject section */
		0076FCC71C33D6FE0090E072 /* Project object */ = {
			isa = PBXProject;
			attributes = {
				LastUpgradeCheck = 0630;
				ORGANIZATIONNAME = lb;
				TargetAttributes = {
					0076FCCE1C33D6FE0090E072 = {
						CreatedOnToolsVersion = 6.3.1;
					};
					0076FCE71C33D6FE0090E072 = {
						CreatedOnToolsVersion = 6.3.1;
						TestTargetID = 0076FCCE1C33D6FE0090E072;
					};
					008369751C3A05970038B426 = {
						CreatedOnToolsVersion = 6.3.1;
					};
					0083698D1C3A05970038B426 = {
						CreatedOnToolsVersion = 6.3.1;
						TestTargetID = 008369751C3A05970038B426;
					};
				};
			};
			buildConfigurationList = 0076FCCA1C33D6FE0090E072 /* Build configuration list for PBXProject "getScreenTest" */;
			compatibilityVersion = "Xcode 3.2";
			developmentRegion = English;
			hasScannedForEncodings = 0;
			knownRegions = (
				en,
				Base,
			);
			mainGroup = 0076FCC61C33D6FE0090E072;
			productRefGroup = 0076FCD01C33D6FE0090E072 /* Products */;
			projectDirPath = "";
			projectRoot = "";
			targets = (
				0076FCCE1C33D6FE0090E072 /* getScreenTest */,
				0076FCE71C33D6FE0090E072 /* getScreenTestTests */,
				008369751C3A05970038B426 /* testTarget */,
				0083698D1C3A05970038B426 /* testTargetTests */,
			);
		};
/* End PBXProject section */

/* Begin PBXResourcesBuildPhase section */
		0076FCCD1C33D6FE0090E072 /* Resources */ = {
			isa = PBXResourcesBuildPhase;
			buildActionMask = 2147483647;
			files = (
				0086F7771C351C2000964311 /* 114.png in Resources */,
				0086F7751C351C1400964311 /* 120.png in Resources */,
				0076FCDE1C33D6FE0090E072 /* Main.storyboard in Resources */,
				0076FCE31C33D6FE0090E072 /* LaunchScreen.xib in Resources */,
				0076FCE01C33D6FE0090E072 /* Images.xcassets in Resources */,
			);
			runOnlyForDeploymentPostprocessing = 0;
		};
		0076FCE61C33D6FE0090E072 /* Resources */ = {
			isa = PBXResourcesBuildPhase;
			buildActionMask = 2147483647;
			files = (
			);
			runOnlyForDeploymentPostprocessing = 0;
		};
		008369741C3A05970038B426 /* Resources */ = {
			isa = PBXResourcesBuildPhase;
			buildActionMask = 2147483647;
			files = (
				008369841C3A05970038B426 /* Main.storyboard in Resources */,
				008369891C3A05970038B426 /* LaunchScreen.xib in Resources */,
				008369861C3A05970038B426 /* Images.xcassets in Resources */,
			);
			runOnlyForDeploymentPostprocessing = 0;
		};
		0083698C1C3A05970038B426 /* Resources */ = {
			isa = PBXResourcesBuildPhase;
			buildActionMask = 2147483647;
			files = (
			);
			runOnlyForDeploymentPostprocessing = 0;
		};
/* End PBXResourcesBuildPhase section */

/* Begin PBXSourcesBuildPhase section */
		0076FCCB1C33D6FE0090E072 /* Sources */ = {
			isa = PBXSourcesBuildPhase;
			buildActionMask = 2147483647;
			files = (
				0076FCDB1C33D6FE0090E072 /* ViewController.m in Sources */,
				0076FCD81C33D6FE0090E072 /* AppDelegate.m in Sources */,
				0076FCD51C33D6FE0090E072 /* main.m in Sources */,
			);
			runOnlyForDeploymentPostprocessing = 0;
		};
		0076FCE41C33D6FE0090E072 /* Sources */ = {
			isa = PBXSourcesBuildPhase;
			buildActionMask = 2147483647;
			files = (
				0076FCEF1C33D6FE0090E072 /* getScreenTestTests.m in Sources */,
			);
			runOnlyForDeploymentPostprocessing = 0;
		};
		008369721C3A05970038B426 /* Sources */ = {
			isa = PBXSourcesBuildPhase;
			buildActionMask = 2147483647;
			files = (
				008369811C3A05970038B426 /* ViewController.m in Sources */,
				0083697E1C3A05970038B426 /* AppDelegate.m in Sources */,
				0083697B1C3A05970038B426 /* main.m in Sources */,
			);
			runOnlyForDeploymentPostprocessing = 0;
		};
		0083698A1C3A05970038B426 /* Sources */ = {
			isa = PBXSourcesBuildPhase;
			buildActionMask = 2147483647;
			files = (
				008369951C3A05970038B426 /* testTargetTests.m in Sources */,
			);
			runOnlyForDeploymentPostprocessing = 0;
		};
/* End PBXSourcesBuildPhase section */

/* Begin PBXTargetDependency section */
		0076FCEA1C33D6FE0090E072 /* PBXTargetDependency */ = {
			isa = PBXTargetDependency;
			target = 0076FCCE1C33D6FE0090E072 /* getScreenTest */;
			targetProxy = 0076FCE91C33D6FE0090E072 /* PBXContainerItemProxy */;
		};
		008369901C3A05970038B426 /* PBXTargetDependency */ = {
			isa = PBXTargetDependency;
			target = 008369751C3A05970038B426 /* testTarget */;
			targetProxy = 0083698F1C3A05970038B426 /* PBXContainerItemProxy */;
		};
/* End PBXTargetDependency section */

/* Begin PBXVariantGroup section */
		0076FCDC1C33D6FE0090E072 /* Main.storyboard */ = {
			isa = PBXVariantGroup;
			children = (
				0076FCDD1C33D6FE0090E072 /* Base */,
			);
			name = Main.storyboard;
			sourceTree = "<group>";
		};
		0076FCE11C33D6FE0090E072 /* LaunchScreen.xib */ = {
			isa = PBXVariantGroup;
			children = (
				0076FCE21C33D6FE0090E072 /* Base */,
			);
			name = LaunchScreen.xib;
			sourceTree = "<group>";
		};
		008369821C3A05970038B426 /* Main.storyboard */ = {
			isa = PBXVariantGroup;
			children = (
				008369831C3A05970038B426 /* Base */,
			);
			name = Main.storyboard;
			sourceTree = "<group>";
		};
		008369871C3A05970038B426 /* LaunchScreen.xib */ = {
			isa = PBXVariantGroup;
			children = (
				008369881C3A05970038B426 /* Base */,
			);
			name = LaunchScreen.xib;
			sourceTree = "<group>";
		};
/* End PBXVariantGroup section */

/* Begin XCBuildConfiguration section */
		0076FCF01C33D6FE0090E072 /* Debug */ = {
			isa = XCBuildConfiguration;
			buildSettings = {
				ALWAYS_SEARCH_USER_PATHS = NO;
				CLANG_CXX_LANGUAGE_STANDARD = "gnu++0x";
				CLANG_CXX_LIBRARY = "libc++";
				CLANG_ENABLE_MODULES = YES;
				CLANG_ENABLE_OBJC_ARC = YES;
				CLANG_WARN_BOOL_CONVERSION = YES;
				CLANG_WARN_CONSTANT_CONVERSION = YES;
				CLANG_WARN_DIRECT_OBJC_ISA_USAGE = YES_ERROR;
				CLANG_WARN_EMPTY_BODY = YES;
				CLANG_WARN_ENUM_CONVERSION = YES;
				CLANG_WARN_INT_CONVERSION = YES;
				CLANG_WARN_OBJC_ROOT_CLASS = YES_ERROR;
				CLANG_WARN_UNREACHABLE_CODE = YES;
				CLANG_WARN__DUPLICATE_METHOD_MATCH = YES;
				"CODE_SIGN_IDENTITY[sdk=iphoneos*]" = "iPhone Developer";
				COPY_PHASE_STRIP = NO;
				DEBUG_INFORMATION_FORMAT = "dwarf-with-dsym";
				ENABLE_STRICT_OBJC_MSGSEND = YES;
				GCC_C_LANGUAGE_STANDARD = gnu99;
				GCC_DYNAMIC_NO_PIC = NO;
				GCC_NO_COMMON_BLOCKS = YES;
				GCC_OPTIMIZATION_LEVEL = 0;
				GCC_PREPROCESSOR_DEFINITIONS = (
					"DEBUG=1",
					"$(inherited)",
				);
				GCC_SYMBOLS_PRIVATE_EXTERN = NO;
				GCC_WARN_64_TO_32_BIT_CONVERSION = YES;
				GCC_WARN_ABOUT_RETURN_TYPE = YES_ERROR;
				GCC_WARN_UNDECLARED_SELECTOR = YES;
				GCC_WARN_UNINITIALIZED_AUTOS = YES_AGGRESSIVE;
				GCC_WARN_UNUSED_FUNCTION = YES;
				GCC_WARN_UNUSED_VARIABLE = YES;
				IPHONEOS_DEPLOYMENT_TARGET = 8.3;
				MTL_ENABLE_DEBUG_INFO = YES;
				ONLY_ACTIVE_ARCH = YES;
				SDKROOT = iphoneos;
			};
			name = Debug;
		};
		0076FCF11C33D6FE0090E072 /* Release */ = {
			isa = XCBuildConfiguration;
			buildSettings = {
				ALWAYS_SEARCH_USER_PATHS = NO;
				CLANG_CXX_LANGUAGE_STANDARD = "gnu++0x";
				CLANG_CXX_LIBRARY = "libc++";
				CLANG_ENABLE_MODULES = YES;
				CLANG_ENABLE_OBJC_ARC = YES;
				CLANG_WARN_BOOL_CONVERSION = YES;
				CLANG_WARN_CONSTANT_CONVERSION = YES;
				CLANG_WARN_DIRECT_OBJC_ISA_USAGE = YES_ERROR;
				CLANG_WARN_EMPTY_BODY = YES;
				CLANG_WARN_ENUM_CONVERSION = YES;
				CLANG_WARN_INT_CONVERSION = YES;
				CLANG_WARN_OBJC_ROOT_CLASS = YES_ERROR;
				CLANG_WARN_UNREACHABLE_CODE = YES;
				CLANG_WARN__DUPLICATE_METHOD_MATCH = YES;
				"CODE_SIGN_IDENTITY[sdk=iphoneos*]" = "iPhone Developer";
				COPY_PHASE_STRIP = NO;
				DEBUG_INFORMATION_FORMAT = "dwarf-with-dsym";
				ENABLE_NS_ASSERTIONS = NO;
				ENABLE_STRICT_OBJC_MSGSEND = YES;
				GCC_C_LANGUAGE_STANDARD = gnu99;
				GCC_NO_COMMON_BLOCKS = YES;
				GCC_WARN_64_TO_32_BIT_CONVERSION = YES;
				GCC_WARN_ABOUT_RETURN_TYPE = YES_ERROR;
				GCC_WARN_UNDECLARED_SELECTOR = YES;
				GCC_WARN_UNINITIALIZED_AUTOS = YES_AGGRESSIVE;
				GCC_WARN_UNUSED_FUNCTION = YES;
				GCC_WARN_UNUSED_VARIABLE = YES;
				IPHONEOS_DEPLOYMENT_TARGET = 8.3;
				MTL_ENABLE_DEBUG_INFO = NO;
				SDKROOT = iphoneos;
				VALIDATE_PRODUCT = YES;
			};
			name = Release;
		};
		0076FCF31C33D6FE0090E072 /* Debug */ = {
			isa = XCBuildConfiguration;
			buildSettings = {
				ASSETCATALOG_COMPILER_APPICON_NAME = AppIcon;
				INFOPLIST_FILE = getScreenTest/Info.plist;
				LD_RUNPATH_SEARCH_PATHS = "$(inherited) @executable_path/Frameworks";
				PRODUCT_NAME = "$(TARGET_NAME)";
			};
			name = Debug;
		};
		0076FCF41C33D6FE0090E072 /* Release */ = {
			isa = XCBuildConfiguration;
			buildSettings = {
				ASSETCATALOG_COMPILER_APPICON_NAME = AppIcon;
				INFOPLIST_FILE = getScreenTest/Info.plist;
				LD_RUNPATH_SEARCH_PATHS = "$(inherited) @executable_path/Frameworks";
				PRODUCT_NAME = "$(TARGET_NAME)";
			};
			name = Release;
		};
		0076FCF61C33D6FE0090E072 /* Debug */ = {
			isa = XCBuildConfiguration;
			buildSettings = {
				BUNDLE_LOADER = "$(TEST_HOST)";
				FRAMEWORK_SEARCH_PATHS = (
					"$(SDKROOT)/Developer/Library/Frameworks",
					"$(inherited)",
				);
				GCC_PREPROCESSOR_DEFINITIONS = (
					"DEBUG=1",
					"$(inherited)",
				);
				INFOPLIST_FILE = getScreenTestTests/Info.plist;
				LD_RUNPATH_SEARCH_PATHS = "$(inherited) @executable_path/Frameworks @loader_path/Frameworks";
				PRODUCT_NAME = "$(TARGET_NAME)";
				TEST_HOST = "$(BUILT_PRODUCTS_DIR)/getScreenTest.app/getScreenTest";
			};
			name = Debug;
		};
		0076FCF71C33D6FE0090E072 /* Release */ = {
			isa = XCBuildConfiguration;
			buildSettings = {
				BUNDLE_LOADER = "$(TEST_HOST)";
				FRAMEWORK_SEARCH_PATHS = (
					"$(SDKROOT)/Developer/Library/Frameworks",
					"$(inherited)",
				);
				INFOPLIST_FILE = getScreenTestTests/Info.plist;
				LD_RUNPATH_SEARCH_PATHS = "$(inherited) @executable_path/Frameworks @loader_path/Frameworks";
				PRODUCT_NAME = "$(TARGET_NAME)";
				TEST_HOST = "$(BUILT_PRODUCTS_DIR)/getScreenTest.app/getScreenTest";
			};
			name = Release;
		};
		008369971C3A05970038B426 /* Debug */ = {
			isa = XCBuildConfiguration;
			buildSettings = {
				ASSETCATALOG_COMPILER_APPICON_NAME = AppIcon;
				GCC_PREPROCESSOR_DEFINITIONS = (
					"DEBUG=1",
					"$(inherited)",
				);
				INFOPLIST_FILE = testTarget/Info.plist;
				LD_RUNPATH_SEARCH_PATHS = "$(inherited) @executable_path/Frameworks";
				PRODUCT_NAME = "$(TARGET_NAME)";
			};
			name = Debug;
		};
		008369981C3A05970038B426 /* Release */ = {
			isa = XCBuildConfiguration;
			buildSettings = {
				ASSETCATALOG_COMPILER_APPICON_NAME = AppIcon;
				INFOPLIST_FILE = testTarget/Info.plist;
				LD_RUNPATH_SEARCH_PATHS = "$(inherited) @executable_path/Frameworks";
				PRODUCT_NAME = "$(TARGET_NAME)";
			};
			name = Release;
		};
		0083699A1C3A05970038B426 /* Debug */ = {
			isa = XCBuildConfiguration;
			buildSettings = {
				BUNDLE_LOADER = "$(TEST_HOST)";
				FRAMEWORK_SEARCH_PATHS = (
					"$(SDKROOT)/Developer/Library/Frameworks",
					"$(inherited)",
				);
				GCC_PREPROCESSOR_DEFINITIONS = (
					"DEBUG=1",
					"$(inherited)",
				);
				INFOPLIST_FILE = testTargetTests/Info.plist;
				LD_RUNPATH_SEARCH_PATHS = "$(inherited) @executable_path/Frameworks @loader_path/Frameworks";
				PRODUCT_NAME = "$(TARGET_NAME)";
				TEST_HOST = "$(BUILT_PRODUCTS_DIR)/testTarget.app/testTarget";
			};
			name = Debug;
		};
		0083699B1C3A05970038B426 /* Release */ = {
			isa = XCBuildConfiguration;
			buildSettings = {
				BUNDLE_LOADER = "$(TEST_HOST)";
				FRAMEWORK_SEARCH_PATHS = (
					"$(SDKROOT)/Developer/Library/Frameworks",
					"$(inherited)",
				);
				INFOPLIST_FILE = testTargetTests/Info.plist;
				LD_RUNPATH_SEARCH_PATHS = "$(inherited) @executable_path/Frameworks @loader_path/Frameworks";
				PRODUCT_NAME = "$(TARGET_NAME)";
				TEST_HOST = "$(BUILT_PRODUCTS_DIR)/testTarget.app/testTarget";
			};
			name = Release;
		};
/* End XCBuildConfiguration section */

/* Begin XCConfigurationList section */
		0076FCCA1C33D6FE0090E072 /* Build configuration list for PBXProject "getScreenTest" */ = {
			isa = XCConfigurationList;
			buildConfigurations = (
				0076FCF01C33D6FE0090E072 /* Debug */,
				0076FCF11C33D6FE0090E072 /* Release */,
			);
			defaultConfigurationIsVisible = 0;
			defaultConfigurationName = Release;
		};
		0076FCF21C33D6FE0090E072 /* Build configuration list for PBXNativeTarget "getScreenTest" */ = {
			isa = XCConfigurationList;
			buildConfigurations = (
				0076FCF31C33D6FE0090E072 /* Debug */,
				0076FCF41C33D6FE0090E072 /* Release */,
			);
			defaultConfigurationIsVisible = 0;
			defaultConfigurationName = Release;
		};
		0076FCF51C33D6FE0090E072 /* Build configuration list for PBXNativeTarget "getScreenTestTests" */ = {
			isa = XCConfigurationList;
			buildConfigurations = (
				0076FCF61C33D6FE0090E072 /* Debug */,
				0076FCF71C33D6FE0090E072 /* Release */,
			);
			defaultConfigurationIsVisible = 0;
			defaultConfigurationName = Release;
		};
		008369961C3A05970038B426 /* Build configuration list for PBXNativeTarget "testTarget" */ = {
			isa = XCConfigurationList;
			buildConfigurations = (
				008369971C3A05970038B426 /* Debug */,
				008369981C3A05970038B426 /* Release */,
			);
			defaultConfigurationIsVisible = 0;
		};
		008369991C3A05970038B426 /* Build configuration list for PBXNativeTarget "testTargetTests" */ = {
			isa = XCConfigurationList;
			buildConfigurations = (
				0083699A1C3A05970038B426 /* Debug */,
				0083699B1C3A05970038B426 /* Release */,
			);
			defaultConfigurationIsVisible = 0;
		};
/* End XCConfigurationList section */
	};
	rootObject = 0076FCC71C33D6FE0090E072 /* Project object */;
}
